// !$*UTF8*$!
{
	archiveVersion = 1;
	classes = {
	};
	objectVersion = 55;
	objects = {

/* Begin PBXBuildFile section */
		211A38972B6FAE920058D296 /* AppDelegate.swift in Sources */ = {isa = PBXBuildFile; fileRef = 211A38962B6FAE920058D296 /* AppDelegate.swift */; };
		211A38992B6FAE920058D296 /* SceneDelegate.swift in Sources */ = {isa = PBXBuildFile; fileRef = 211A38982B6FAE920058D296 /* SceneDelegate.swift */; };
		211A389E2B6FAE920058D296 /* Main.storyboard in Resources */ = {isa = PBXBuildFile; fileRef = 211A389C2B6FAE920058D296 /* Main.storyboard */; };
		211A38A02B6FAE950058D296 /* Assets.xcassets in Resources */ = {isa = PBXBuildFile; fileRef = 211A389F2B6FAE950058D296 /* Assets.xcassets */; };
		211A38A32B6FAE950058D296 /* LaunchScreen.storyboard in Resources */ = {isa = PBXBuildFile; fileRef = 211A38A12B6FAE950058D296 /* LaunchScreen.storyboard */; };
		211A38AE2B6FB5380058D296 /* Bug.swift in Sources */ = {isa = PBXBuildFile; fileRef = 211A38AD2B6FB5380058D296 /* Bug.swift */; };
		211A38B02B6FB5B40058D296 /* BugViewModel.swift in Sources */ = {isa = PBXBuildFile; fileRef = 211A38AF2B6FB5B30058D296 /* BugViewModel.swift */; };
		211A38B22B6FBBFB0058D296 /* BugReportViewController.swift in Sources */ = {isa = PBXBuildFile; fileRef = 211A38B12B6FBBFB0058D296 /* BugReportViewController.swift */; };
/* End PBXBuildFile section */

/* Begin PBXFileReference section */
		211A38932B6FAE920058D296 /* Bug It.app */ = {isa = PBXFileReference; explicitFileType = wrapper.application; includeInIndex = 0; path = "Bug It.app"; sourceTree = BUILT_PRODUCTS_DIR; };
		211A38962B6FAE920058D296 /* AppDelegate.swift */ = {isa = PBXFileReference; lastKnownFileType = sourcecode.swift; path = AppDelegate.swift; sourceTree = "<group>"; };
		211A38982B6FAE920058D296 /* SceneDelegate.swift */ = {isa = PBXFileReference; lastKnownFileType = sourcecode.swift; path = SceneDelegate.swift; sourceTree = "<group>"; };
		211A389D2B6FAE920058D296 /* Base */ = {isa = PBXFileReference; lastKnownFileType = file.storyboard; name = Base; path = Base.lproj/Main.storyboard; sourceTree = "<group>"; };
		211A389F2B6FAE950058D296 /* Assets.xcassets */ = {isa = PBXFileReference; lastKnownFileType = folder.assetcatalog; path = Assets.xcassets; sourceTree = "<group>"; };
		211A38A22B6FAE950058D296 /* Base */ = {isa = PBXFileReference; lastKnownFileType = file.storyboard; name = Base; path = Base.lproj/LaunchScreen.storyboard; sourceTree = "<group>"; };
		211A38A42B6FAE950058D296 /* Info.plist */ = {isa = PBXFileReference; lastKnownFileType = text.plist.xml; path = Info.plist; sourceTree = "<group>"; };
		211A38AD2B6FB5380058D296 /* Bug.swift */ = {isa = PBXFileReference; lastKnownFileType = sourcecode.swift; path = Bug.swift; sourceTree = "<group>"; };
		211A38AF2B6FB5B30058D296 /* BugViewModel.swift */ = {isa = PBXFileReference; lastKnownFileType = sourcecode.swift; path = BugViewModel.swift; sourceTree = "<group>"; };
		211A38B12B6FBBFB0058D296 /* BugReportViewController.swift */ = {isa = PBXFileReference; lastKnownFileType = sourcecode.swift; path = BugReportViewController.swift; sourceTree = "<group>"; };
/* End PBXFileReference section */

/* Begin PBXFrameworksBuildPhase section */
		211A38902B6FAE920058D296 /* Frameworks */ = {
			isa = PBXFrameworksBuildPhase;
			buildActionMask = 2147483647;
			files = (
			);
			runOnlyForDeploymentPostprocessing = 0;
		};
/* End PBXFrameworksBuildPhase section */

/* Begin PBXGroup section */
		211A388A2B6FAE920058D296 = {
			isa = PBXGroup;
			children = (
				211A38952B6FAE920058D296 /* Bug It */,
				211A38942B6FAE920058D296 /* Products */,
			);
			sourceTree = "<group>";
		};
		211A38942B6FAE920058D296 /* Products */ = {
			isa = PBXGroup;
			children = (
				211A38932B6FAE920058D296 /* Bug It.app */,
			);
			name = Products;
			sourceTree = "<group>";
		};
		211A38952B6FAE920058D296 /* Bug It */ = {
			isa = PBXGroup;
			children = (
				211A38AC2B6FB1B10058D296 /* ViewModels */,
				211A38AB2B6FB1740058D296 /* Views */,
				211A38AA2B6FB1540058D296 /* Models */,
				211A38962B6FAE920058D296 /* AppDelegate.swift */,
				211A38982B6FAE920058D296 /* SceneDelegate.swift */,
				211A389F2B6FAE950058D296 /* Assets.xcassets */,
				211A38A42B6FAE950058D296 /* Info.plist */,
			);
			path = "Bug It";
			sourceTree = "<group>";
		};
		211A38AA2B6FB1540058D296 /* Models */ = {
			isa = PBXGroup;
			children = (
				211A38AD2B6FB5380058D296 /* Bug.swift */,
			);
			path = Models;
			sourceTree = "<group>";
		};
		211A38AB2B6FB1740058D296 /* Views */ = {
			isa = PBXGroup;
			children = (
				211A38B32B6FDF260058D296 /* Storyboards */,
				211A38B42B6FDF380058D296 /* ViewControllers */,
			);
			path = Views;
			sourceTree = "<group>";
		};
		211A38AC2B6FB1B10058D296 /* ViewModels */ = {
			isa = PBXGroup;
			children = (
				211A38AF2B6FB5B30058D296 /* BugViewModel.swift */,
			);
			path = ViewModels;
			sourceTree = "<group>";
		};
		211A38B32B6FDF260058D296 /* Storyboards */ = {
			isa = PBXGroup;
			children = (
				211A389C2B6FAE920058D296 /* Main.storyboard */,
				211A38A12B6FAE950058D296 /* LaunchScreen.storyboard */,
			);
			path = Storyboards;
			sourceTree = "<group>";
		};
		211A38B42B6FDF380058D296 /* ViewControllers */ = {
			isa = PBXGroup;
			children = (
				211A38B12B6FBBFB0058D296 /* BugReportViewController.swift */,
			);
			path = ViewControllers;
			sourceTree = "<group>";
		};
/* End PBXGroup section */

/* Begin PBXNativeTarget section */
		211A38922B6FAE920058D296 /* Bug It */ = {
			isa = PBXNativeTarget;
			buildConfigurationList = 211A38A72B6FAE950058D296 /* Build configuration list for PBXNativeTarget "Bug It" */;
			buildPhases = (
				211A388F2B6FAE920058D296 /* Sources */,
				211A38902B6FAE920058D296 /* Frameworks */,
				211A38912B6FAE920058D296 /* Resources */,
			);
			buildRules = (
			);
			dependencies = (
			);
			name = "Bug It";
			productName = "Bug It";
			productReference = 211A38932B6FAE920058D296 /* Bug It.app */;
			productType = "com.apple.product-type.application";
		};
/* End PBXNativeTarget section */

/* Begin PBXProject section */
		211A388B2B6FAE920058D296 /* Project object */ = {
			isa = PBXProject;
			attributes = {
				BuildIndependentTargetsInParallel = 1;
				LastSwiftUpdateCheck = 1340;
				LastUpgradeCheck = 1340;
				TargetAttributes = {
					211A38922B6FAE920058D296 = {
						CreatedOnToolsVersion = 13.4.1;
					};
				};
			};
			buildConfigurationList = 211A388E2B6FAE920058D296 /* Build configuration list for PBXProject "Bug It" */;
			compatibilityVersion = "Xcode 13.0";
			developmentRegion = en;
			hasScannedForEncodings = 0;
			knownRegions = (
				en,
				Base,
			);
			mainGroup = 211A388A2B6FAE920058D296;
			productRefGroup = 211A38942B6FAE920058D296 /* Products */;
			projectDirPath = "";
			projectRoot = "";
			targets = (
				211A38922B6FAE920058D296 /* Bug It */,
			);
		};
/* End PBXProject section */

/* Begin PBXResourcesBuildPhase section */
		211A38912B6FAE920058D296 /* Resources */ = {
			isa = PBXResourcesBuildPhase;
			buildActionMask = 2147483647;
			files = (
				211A38A32B6FAE950058D296 /* LaunchScreen.storyboard in Resources */,
				211A38A02B6FAE950058D296 /* Assets.xcassets in Resources */,
				211A389E2B6FAE920058D296 /* Main.storyboard in Resources */,
			);
			runOnlyForDeploymentPostprocessing = 0;
		};
/* End PBXResourcesBuildPhase section */

/* Begin PBXSourcesBuildPhase section */
		211A388F2B6FAE920058D296 /* Sources */ = {
			isa = PBXSourcesBuildPhase;
			buildActionMask = 2147483647;
			files = (
				211A38AE2B6FB5380058D296 /* Bug.swift in Sources */,
				211A38B22B6FBBFB0058D296 /* BugReportViewController.swift in Sources */,
				211A38972B6FAE920058D296 /* AppDelegate.swift in Sources */,
				211A38992B6FAE920058D296 /* SceneDelegate.swift in Sources */,
				211A38B02B6FB5B40058D296 /* BugViewModel.swift in Sources */,
			);
			runOnlyForDeploymentPostprocessing = 0;
		};
/* End PBXSourcesBuildPhase section */

/* Begin PBXVariantGroup section */
		211A389C2B6FAE920058D296 /* Main.storyboard */ = {
			isa = PBXVariantGroup;
			children = (
				211A389D2B6FAE920058D296 /* Base */,
			);
			name = Main.storyboard;
			sourceTree = "<group>";
		};
		211A38A12B6FAE950058D296 /* LaunchScreen.storyboard */ = {
			isa = PBXVariantGroup;
			children = (
				211A38A22B6FAE950058D296 /* Base */,
			);
			name = LaunchScreen.storyboard;
			sourceTree = "<group>";
		};
/* End PBXVariantGroup section */

/* Begin XCBuildConfiguration section */
		211A38A52B6FAE950058D296 /* Debug */ = {
			isa = XCBuildConfiguration;
			buildSettings = {
				ALWAYS_SEARCH_USER_PATHS = NO;
				CLANG_ANALYZER_NONNULL = YES;
				CLANG_ANALYZER_NUMBER_OBJECT_CONVERSION = YES_AGGRESSIVE;
				CLANG_CXX_LANGUAGE_STANDARD = "gnu++17";
				CLANG_ENABLE_MODULES = YES;
				CLANG_ENABLE_OBJC_ARC = YES;
				CLANG_ENABLE_OBJC_WEAK = YES;
				CLANG_WARN_BLOCK_CAPTURE_AUTORELEASING = YES;
				CLANG_WARN_BOOL_CONVERSION = YES;
				CLANG_WARN_COMMA = YES;
				CLANG_WARN_CONSTANT_CONVERSION = YES;
				CLANG_WARN_DEPRECATED_OBJC_IMPLEMENTATIONS = YES;
				CLANG_WARN_DIRECT_OBJC_ISA_USAGE = YES_ERROR;
				CLANG_WARN_DOCUMENTATION_COMMENTS = YES;
				CLANG_WARN_EMPTY_BODY = YES;
				CLANG_WARN_ENUM_CONVERSION = YES;
				CLANG_WARN_INFINITE_RECURSION = YES;
				CLANG_WARN_INT_CONVERSION = YES;
				CLANG_WARN_NON_LITERAL_NULL_CONVERSION = YES;
				CLANG_WARN_OBJC_IMPLICIT_RETAIN_SELF = YES;
				CLANG_WARN_OBJC_LITERAL_CONVERSION = YES;
				CLANG_WARN_OBJC_ROOT_CLASS = YES_ERROR;
				CLANG_WARN_QUOTED_INCLUDE_IN_FRAMEWORK_HEADER = YES;
				CLANG_WARN_RANGE_LOOP_ANALYSIS = YES;
				CLANG_WARN_STRICT_PROTOTYPES = YES;
				CLANG_WARN_SUSPICIOUS_MOVE = YES;
				CLANG_WARN_UNGUARDED_AVAILABILITY = YES_AGGRESSIVE;
				CLANG_WARN_UNREACHABLE_CODE = YES;
				CLANG_WARN__DUPLICATE_METHOD_MATCH = YES;
				COPY_PHASE_STRIP = NO;
				DEBUG_INFORMATION_FORMAT = dwarf;
				ENABLE_STRICT_OBJC_MSGSEND = YES;
				ENABLE_TESTABILITY = YES;
				GCC_C_LANGUAGE_STANDARD = gnu11;
				GCC_DYNAMIC_NO_PIC = NO;
				GCC_NO_COMMON_BLOCKS = YES;
				GCC_OPTIMIZATION_LEVEL = 0;
				GCC_PREPROCESSOR_DEFINITIONS = (
					"DEBUG=1",
					"$(inherited)",
				);
				GCC_WARN_64_TO_32_BIT_CONVERSION = YES;
				GCC_WARN_ABOUT_RETURN_TYPE = YES_ERROR;
				GCC_WARN_UNDECLARED_SELECTOR = YES;
				GCC_WARN_UNINITIALIZED_AUTOS = YES_AGGRESSIVE;
				GCC_WARN_UNUSED_FUNCTION = YES;
				GCC_WARN_UNUSED_VARIABLE = YES;
				IPHONEOS_DEPLOYMENT_TARGET = 15.5;
				MTL_ENABLE_DEBUG_INFO = INCLUDE_SOURCE;
				MTL_FAST_MATH = YES;
				ONLY_ACTIVE_ARCH = YES;
				SDKROOT = iphoneos;
				SWIFT_ACTIVE_COMPILATION_CONDITIONS = DEBUG;
				SWIFT_OPTIMIZATION_LEVEL = "-Onone";
			};
			name = Debug;
		};
		211A38A62B6FAE950058D296 /* Release */ = {
			isa = XCBuildConfiguration;
			buildSettings = {
				ALWAYS_SEARCH_USER_PATHS = NO;
				CLANG_ANALYZER_NONNULL = YES;
				CLANG_ANALYZER_NUMBER_OBJECT_CONVERSION = YES_AGGRESSIVE;
				CLANG_CXX_LANGUAGE_STANDARD = "gnu++17";
				CLANG_ENABLE_MODULES = YES;
				CLANG_ENABLE_OBJC_ARC = YES;
				CLANG_ENABLE_OBJC_WEAK = YES;
				CLANG_WARN_BLOCK_CAPTURE_AUTORELEASING = YES;
				CLANG_WARN_BOOL_CONVERSION = YES;
				CLANG_WARN_COMMA = YES;
				CLANG_WARN_CONSTANT_CONVERSION = YES;
				CLANG_WARN_DEPRECATED_OBJC_IMPLEMENTATIONS = YES;
				CLANG_WARN_DIRECT_OBJC_ISA_USAGE = YES_ERROR;
				CLANG_WARN_DOCUMENTATION_COMMENTS = YES;
				CLANG_WARN_EMPTY_BODY = YES;
				CLANG_WARN_ENUM_CONVERSION = YES;
				CLANG_WARN_INFINITE_RECURSION = YES;
				CLANG_WARN_INT_CONVERSION = YES;
				CLANG_WARN_NON_LITERAL_NULL_CONVERSION = YES;
				CLANG_WARN_OBJC_IMPLICIT_RETAIN_SELF = YES;
				CLANG_WARN_OBJC_LITERAL_CONVERSION = YES;
				CLANG_WARN_OBJC_ROOT_CLASS = YES_ERROR;
				CLANG_WARN_QUOTED_INCLUDE_IN_FRAMEWORK_HEADER = YES;
				CLANG_WARN_RANGE_LOOP_ANALYSIS = YES;
				CLANG_WARN_STRICT_PROTOTYPES = YES;
				CLANG_WARN_SUSPICIOUS_MOVE = YES;
				CLANG_WARN_UNGUARDED_AVAILABILITY = YES_AGGRESSIVE;
				CLANG_WARN_UNREACHABLE_CODE = YES;
				CLANG_WARN__DUPLICATE_METHOD_MATCH = YES;
				COPY_PHASE_STRIP = NO;
				DEBUG_INFORMATION_FORMAT = "dwarf-with-dsym";
				ENABLE_NS_ASSERTIONS = NO;
				ENABLE_STRICT_OBJC_MSGSEND = YES;
				GCC_C_LANGUAGE_STANDARD = gnu11;
				GCC_NO_COMMON_BLOCKS = YES;
				GCC_WARN_64_TO_32_BIT_CONVERSION = YES;
				GCC_WARN_ABOUT_RETURN_TYPE = YES_ERROR;
				GCC_WARN_UNDECLARED_SELECTOR = YES;
				GCC_WARN_UNINITIALIZED_AUTOS = YES_AGGRESSIVE;
				GCC_WARN_UNUSED_FUNCTION = YES;
				GCC_WARN_UNUSED_VARIABLE = YES;
				IPHONEOS_DEPLOYMENT_TARGET = 15.5;
				MTL_ENABLE_DEBUG_INFO = NO;
				MTL_FAST_MATH = YES;
				SDKROOT = iphoneos;
				SWIFT_COMPILATION_MODE = wholemodule;
				SWIFT_OPTIMIZATION_LEVEL = "-O";
				VALIDATE_PRODUCT = YES;
			};
			name = Release;
		};
		211A38A82B6FAE950058D296 /* Debug */ = {
			isa = XCBuildConfiguration;
			buildSettings = {
				ASSETCATALOG_COMPILER_APPICON_NAME = AppIcon;
				ASSETCATALOG_COMPILER_GLOBAL_ACCENT_COLOR_NAME = AccentColor;
				CODE_SIGN_STYLE = Automatic;
				CURRENT_PROJECT_VERSION = 1;
				GENERATE_INFOPLIST_FILE = YES;
				INFOPLIST_FILE = "Bug It/Info.plist";
				INFOPLIST_KEY_CFBundleDisplayName = "Bug It";
				INFOPLIST_KEY_UIApplicationSupportsIndirectInputEvents = YES;
				INFOPLIST_KEY_UILaunchStoryboardName = LaunchScreen;
				INFOPLIST_KEY_UIMainStoryboardFile = Main;
				INFOPLIST_KEY_UISupportedInterfaceOrientations_iPad = "UIInterfaceOrientationPortrait UIInterfaceOrientationPortraitUpsideDown UIInterfaceOrientationLandscapeLeft UIInterfaceOrientationLandscapeRight";
				INFOPLIST_KEY_UISupportedInterfaceOrientations_iPhone = "UIInterfaceOrientationPortrait UIInterfaceOrientationLandscapeLeft UIInterfaceOrientationLandscapeRight";
				LD_RUNPATH_SEARCH_PATHS = (
					"$(inherited)",
					"@executable_path/Frameworks",
				);
				MARKETING_VERSION = 1.0;
				PRODUCT_BUNDLE_IDENTIFIER = "com.sourav.Bug-It";
				PRODUCT_NAME = "$(TARGET_NAME)";
				SWIFT_EMIT_LOC_STRINGS = YES;
				SWIFT_VERSION = 5.0;
				TARGETED_DEVICE_FAMILY = "1,2";
			};
			name = Debug;
		};
		211A38A92B6FAE950058D296 /* Release */ = {
			isa = XCBuildConfiguration;
			buildSettings = {
				ASSETCATALOG_COMPILER_APPICON_NAME = AppIcon;
				ASSETCATALOG_COMPILER_GLOBAL_ACCENT_COLOR_NAME = AccentColor;
				CODE_SIGN_STYLE = Automatic;
				CURRENT_PROJECT_VERSION = 1;
				GENERATE_INFOPLIST_FILE = YES;
				INFOPLIST_FILE = "Bug It/Info.plist";
				INFOPLIST_KEY_CFBundleDisplayName = "Bug It";
				INFOPLIST_KEY_UIApplicationSupportsIndirectInputEvents = YES;
				INFOPLIST_KEY_UILaunchStoryboardName = LaunchScreen;
				INFOPLIST_KEY_UIMainStoryboardFile = Main;
				INFOPLIST_KEY_UISupportedInterfaceOrientations_iPad = "UIInterfaceOrientationPortrait UIInterfaceOrientationPortraitUpsideDown UIInterfaceOrientationLandscapeLeft UIInterfaceOrientationLandscapeRight";
				INFOPLIST_KEY_UISupportedInterfaceOrientations_iPhone = "UIInterfaceOrientationPortrait UIInterfaceOrientationLandscapeLeft UIInterfaceOrientationLandscapeRight";
				LD_RUNPATH_SEARCH_PATHS = (
					"$(inherited)",
					"@executable_path/Frameworks",
				);
				MARKETING_VERSION = 1.0;
				PRODUCT_BUNDLE_IDENTIFIER = "com.sourav.Bug-It";
				PRODUCT_NAME = "$(TARGET_NAME)";
				SWIFT_EMIT_LOC_STRINGS = YES;
				SWIFT_VERSION = 5.0;
				TARGETED_DEVICE_FAMILY = "1,2";
			};
			name = Release;
		};
/* End XCBuildConfiguration section */

/* Begin XCConfigurationList section */
		211A388E2B6FAE920058D296 /* Build configuration list for PBXProject "Bug It" */ = {
			isa = XCConfigurationList;
			buildConfigurations = (
				211A38A52B6FAE950058D296 /* Debug */,
				211A38A62B6FAE950058D296 /* Release */,
			);
			defaultConfigurationIsVisible = 0;
			defaultConfigurationName = Release;
		};
		211A38A72B6FAE950058D296 /* Build configuration list for PBXNativeTarget "Bug It" */ = {
			isa = XCConfigurationList;
			buildConfigurations = (
				211A38A82B6FAE950058D296 /* Debug */,
				211A38A92B6FAE950058D296 /* Release */,
			);
			defaultConfigurationIsVisible = 0;
			defaultConfigurationName = Release;
		};
/* End XCConfigurationList section */
	};
	rootObject = 211A388B2B6FAE920058D296 /* Project object */;
}
